
Microsoft Visual Studio Solution File, Format Version 12.00
# Visual Studio 2015
Project("{FAE04EC0-301F-11D3-BF4B-00C04F79EFBC}") = "ProtoTD.CSharp", "ProtoTD.CSharp.csproj", "{0408A7D4-FD4C-C388-84C2-B3A9597572B1}"
EndProject
Global
	GlobalSection(SolutionConfigurationPlatforms) = preSolution
		Debug|Any CPU = Debug|Any CPU
		Release|Any CPU = Release|Any CPU
	EndGlobalSection
	GlobalSection(ProjectConfigurationPlatforms) = postSolution
		{0408A7D4-FD4C-C388-84C2-B3A9597572B1}.Debug|Any CPU.ActiveCfg = Debug|Any CPU
		{0408A7D4-FD4C-C388-84C2-B3A9597572B1}.Debug|Any CPU.Build.0 = Debug|Any CPU
		{0408A7D4-FD4C-C388-84C2-B3A9597572B1}.Release|Any CPU.ActiveCfg = Release|Any CPU
		{0408A7D4-FD4C-C388-84C2-B3A9597572B1}.Release|Any CPU.Build.0 = Release|Any CPU
	EndGlobalSection
	GlobalSection(SolutionProperties) = preSolution
		HideSolutionNode = FALSE
	EndGlobalSection
EndGlobal
